// !$*UTF8*$!
{
	archiveVersion = 1;
	classes = {
	};
	objectVersion = 56;
	objects = {

/* Begin PBXBuildFile section */
		450B97AD2BF5C5310009F16C /* SwiftyCrop in Frameworks */ = {isa = PBXBuildFile; productRef = 450B97AC2BF5C5310009F16C /* SwiftyCrop */; };
		4520FAFF2BF1D33C00018ED8 /* PictoriaApp.swift in Sources */ = {isa = PBXBuildFile; fileRef = 4520FAFE2BF1D33C00018ED8 /* PictoriaApp.swift */; };
		4520FB032BF1D33E00018ED8 /* Assets.xcassets in Resources */ = {isa = PBXBuildFile; fileRef = 4520FB022BF1D33E00018ED8 /* Assets.xcassets */; };
		4520FB062BF1D33E00018ED8 /* Preview Assets.xcassets in Resources */ = {isa = PBXBuildFile; fileRef = 4520FB052BF1D33E00018ED8 /* Preview Assets.xcassets */; };
		4520FB112BF1D56900018ED8 /* Launch Screen.storyboard in Resources */ = {isa = PBXBuildFile; fileRef = 4520FB102BF1D56900018ED8 /* Launch Screen.storyboard */; };
		4520FB132BF1D70D00018ED8 /* MainScreen.swift in Sources */ = {isa = PBXBuildFile; fileRef = 4520FB122BF1D70D00018ED8 /* MainScreen.swift */; };
		4520FB162BF1D78500018ED8 /* Colors.swift in Sources */ = {isa = PBXBuildFile; fileRef = 4520FB152BF1D78500018ED8 /* Colors.swift */; };
		4520FB192BF1D81B00018ED8 /* TabBar.swift in Sources */ = {isa = PBXBuildFile; fileRef = 4520FB182BF1D81B00018ED8 /* TabBar.swift */; };
		4520FB1C2BF1E5B700018ED8 /* Onboarding.swift in Sources */ = {isa = PBXBuildFile; fileRef = 4520FB1B2BF1E5B700018ED8 /* Onboarding.swift */; };
		4520FB1F2BF1F10F00018ED8 /* EditScreen.swift in Sources */ = {isa = PBXBuildFile; fileRef = 4520FB1E2BF1F10F00018ED8 /* EditScreen.swift */; };
		4520FB212BF2087500018ED8 /* EditPhotoScreen.swift in Sources */ = {isa = PBXBuildFile; fileRef = 4520FB202BF2087500018ED8 /* EditPhotoScreen.swift */; };
		4520FB232BF2088D00018ED8 /* EditScreenOnboarding.swift in Sources */ = {isa = PBXBuildFile; fileRef = 4520FB222BF2088D00018ED8 /* EditScreenOnboarding.swift */; };
		4520FB252BF2F17300018ED8 /* PhotoPickerRepresentable.swift in Sources */ = {isa = PBXBuildFile; fileRef = 4520FB242BF2F17300018ED8 /* PhotoPickerRepresentable.swift */; };
		4520FB282BF44BD900018ED8 /* Profile.swift in Sources */ = {isa = PBXBuildFile; fileRef = 4520FB272BF44BD900018ED8 /* Profile.swift */; };
		4520FB2B2BF457B300018ED8 /* Projetcs.swift in Sources */ = {isa = PBXBuildFile; fileRef = 4520FB2A2BF457B300018ED8 /* Projetcs.swift */; };
		4520FB2E2BF47B9F00018ED8 /* CollageOnboarding.swift in Sources */ = {isa = PBXBuildFile; fileRef = 4520FB2D2BF47B9F00018ED8 /* CollageOnboarding.swift */; };
		4520FB302BF47FFE00018ED8 /* Collage.swift in Sources */ = {isa = PBXBuildFile; fileRef = 4520FB2F2BF47FFE00018ED8 /* Collage.swift */; };
		4520FB332BF4B13400018ED8 /* Feedback.swift in Sources */ = {isa = PBXBuildFile; fileRef = 4520FB322BF4B13400018ED8 /* Feedback.swift */; };
		4520FB362BF4B1B400018ED8 /* CustomTextField in Frameworks */ = {isa = PBXBuildFile; productRef = 4520FB352BF4B1B400018ED8 /* CustomTextField */; };
		45CD6B332BF70E6A00B78388 /* UIImage+Extension.swift in Sources */ = {isa = PBXBuildFile; fileRef = 45CD6B322BF70E6A00B78388 /* UIImage+Extension.swift */; };
		45CD6B352BF70E8500B78388 /* CGAffineTransform+Extensions.swift in Sources */ = {isa = PBXBuildFile; fileRef = 45CD6B342BF70E8500B78388 /* CGAffineTransform+Extensions.swift */; };
		45CD6B382BF70EA700B78388 /* CustomSlider.swift in Sources */ = {isa = PBXBuildFile; fileRef = 45CD6B372BF70EA700B78388 /* CustomSlider.swift */; };
		45CD6B3A2BF70EB800B78388 /* SliderViewWithRange.swift in Sources */ = {isa = PBXBuildFile; fileRef = 45CD6B392BF70EB800B78388 /* SliderViewWithRange.swift */; };
		EBC6861B2C04D27000D747A6 /* SnapKit in Frameworks */ = {isa = PBXBuildFile; productRef = EBC6861A2C04D27000D747A6 /* SnapKit */; };
		EBC6861E2C04D29600D747A6 /* FirebaseRemoteConfig in Frameworks */ = {isa = PBXBuildFile; productRef = EBC6861D2C04D29600D747A6 /* FirebaseRemoteConfig */; };
		EBC686212C04D31400D747A6 /* Adjust in Frameworks */ = {isa = PBXBuildFile; productRef = EBC686202C04D31400D747A6 /* Adjust */; };
		EBC686232C04D31400D747A6 /* Criteo in Frameworks */ = {isa = PBXBuildFile; productRef = EBC686222C04D31400D747A6 /* Criteo */; };
		EBC686252C04D31400D747A6 /* Sociomantic in Frameworks */ = {isa = PBXBuildFile; productRef = EBC686242C04D31400D747A6 /* Sociomantic */; };
		EBC686272C04D31400D747A6 /* Trademob in Frameworks */ = {isa = PBXBuildFile; productRef = EBC686262C04D31400D747A6 /* Trademob */; };
		EBC686292C04D31400D747A6 /* WebBridge in Frameworks */ = {isa = PBXBuildFile; productRef = EBC686282C04D31400D747A6 /* WebBridge */; };
		EBC6862C2C04D36600D747A6 /* LoadingView.swift in Sources */ = {isa = PBXBuildFile; fileRef = EBC6862B2C04D36600D747A6 /* LoadingView.swift */; };
		EBC686302C04D7B200D747A6 /* NewViewController.swift in Sources */ = {isa = PBXBuildFile; fileRef = EBC6862F2C04D7B200D747A6 /* NewViewController.swift */; };
		EBC686322C05C66C00D747A6 /* Constants.swift in Sources */ = {isa = PBXBuildFile; fileRef = EBC686312C05C66C00D747A6 /* Constants.swift */; };
		EBC686342C05C95600D747A6 /* InitView.swift in Sources */ = {isa = PBXBuildFile; fileRef = EBC686332C05C95600D747A6 /* InitView.swift */; };
		EBC686362C05CAAA00D747A6 /* WrapperView.swift in Sources */ = {isa = PBXBuildFile; fileRef = EBC686352C05CAAA00D747A6 /* WrapperView.swift */; };
		EBC6863A2C0718D900D747A6 /* GoogleService-Info.plist in Resources */ = {isa = PBXBuildFile; fileRef = EBC686392C0718D900D747A6 /* GoogleService-Info.plist */; };
/* End PBXBuildFile section */

/* Begin PBXFileReference section */
		450B97AE2BF5F6990009F16C /* Pictoria.entitlements */ = {isa = PBXFileReference; lastKnownFileType = text.plist.entitlements; path = Pictoria.entitlements; sourceTree = "<group>"; };
		450B97AF2BF5F6DD0009F16C /* Info.plist */ = {isa = PBXFileReference; lastKnownFileType = text.plist; path = Info.plist; sourceTree = "<group>"; };
		4520FAFB2BF1D33C00018ED8 /* Pictoria.app */ = {isa = PBXFileReference; explicitFileType = wrapper.application; includeInIndex = 0; path = Pictoria.app; sourceTree = BUILT_PRODUCTS_DIR; };
		4520FAFE2BF1D33C00018ED8 /* PictoriaApp.swift */ = {isa = PBXFileReference; lastKnownFileType = sourcecode.swift; path = PictoriaApp.swift; sourceTree = "<group>"; };
		4520FB022BF1D33E00018ED8 /* Assets.xcassets */ = {isa = PBXFileReference; lastKnownFileType = folder.assetcatalog; path = Assets.xcassets; sourceTree = "<group>"; };
		4520FB052BF1D33E00018ED8 /* Preview Assets.xcassets */ = {isa = PBXFileReference; lastKnownFileType = folder.assetcatalog; path = "Preview Assets.xcassets"; sourceTree = "<group>"; };
		4520FB102BF1D56900018ED8 /* Launch Screen.storyboard */ = {isa = PBXFileReference; lastKnownFileType = file.storyboard; path = "Launch Screen.storyboard"; sourceTree = "<group>"; };
		4520FB122BF1D70D00018ED8 /* MainScreen.swift */ = {isa = PBXFileReference; lastKnownFileType = sourcecode.swift; path = MainScreen.swift; sourceTree = "<group>"; };
		4520FB152BF1D78500018ED8 /* Colors.swift */ = {isa = PBXFileReference; lastKnownFileType = sourcecode.swift; path = Colors.swift; sourceTree = "<group>"; };
		4520FB182BF1D81B00018ED8 /* TabBar.swift */ = {isa = PBXFileReference; fileEncoding = 4; lastKnownFileType = sourcecode.swift; path = TabBar.swift; sourceTree = "<group>"; };
		4520FB1B2BF1E5B700018ED8 /* Onboarding.swift */ = {isa = PBXFileReference; lastKnownFileType = sourcecode.swift; path = Onboarding.swift; sourceTree = "<group>"; };
		4520FB1E2BF1F10F00018ED8 /* EditScreen.swift */ = {isa = PBXFileReference; lastKnownFileType = sourcecode.swift; path = EditScreen.swift; sourceTree = "<group>"; };
		4520FB202BF2087500018ED8 /* EditPhotoScreen.swift */ = {isa = PBXFileReference; lastKnownFileType = sourcecode.swift; path = EditPhotoScreen.swift; sourceTree = "<group>"; };
		4520FB222BF2088D00018ED8 /* EditScreenOnboarding.swift */ = {isa = PBXFileReference; lastKnownFileType = sourcecode.swift; path = EditScreenOnboarding.swift; sourceTree = "<group>"; };
		4520FB242BF2F17300018ED8 /* PhotoPickerRepresentable.swift */ = {isa = PBXFileReference; lastKnownFileType = sourcecode.swift; path = PhotoPickerRepresentable.swift; sourceTree = "<group>"; };
		4520FB272BF44BD900018ED8 /* Profile.swift */ = {isa = PBXFileReference; lastKnownFileType = sourcecode.swift; path = Profile.swift; sourceTree = "<group>"; };
		4520FB2A2BF457B300018ED8 /* Projetcs.swift */ = {isa = PBXFileReference; lastKnownFileType = sourcecode.swift; path = Projetcs.swift; sourceTree = "<group>"; };
		4520FB2D2BF47B9F00018ED8 /* CollageOnboarding.swift */ = {isa = PBXFileReference; lastKnownFileType = sourcecode.swift; path = CollageOnboarding.swift; sourceTree = "<group>"; };
		4520FB2F2BF47FFE00018ED8 /* Collage.swift */ = {isa = PBXFileReference; lastKnownFileType = sourcecode.swift; path = Collage.swift; sourceTree = "<group>"; };
		4520FB322BF4B13400018ED8 /* Feedback.swift */ = {isa = PBXFileReference; lastKnownFileType = sourcecode.swift; path = Feedback.swift; sourceTree = "<group>"; };
		45CD6B322BF70E6A00B78388 /* UIImage+Extension.swift */ = {isa = PBXFileReference; lastKnownFileType = sourcecode.swift; path = "UIImage+Extension.swift"; sourceTree = "<group>"; };
		45CD6B342BF70E8500B78388 /* CGAffineTransform+Extensions.swift */ = {isa = PBXFileReference; lastKnownFileType = sourcecode.swift; path = "CGAffineTransform+Extensions.swift"; sourceTree = "<group>"; };
		45CD6B372BF70EA700B78388 /* CustomSlider.swift */ = {isa = PBXFileReference; lastKnownFileType = sourcecode.swift; path = CustomSlider.swift; sourceTree = "<group>"; };
		45CD6B392BF70EB800B78388 /* SliderViewWithRange.swift */ = {isa = PBXFileReference; lastKnownFileType = sourcecode.swift; path = SliderViewWithRange.swift; sourceTree = "<group>"; };
		EBC6862B2C04D36600D747A6 /* LoadingView.swift */ = {isa = PBXFileReference; lastKnownFileType = sourcecode.swift; path = LoadingView.swift; sourceTree = "<group>"; };
		EBC6862F2C04D7B200D747A6 /* NewViewController.swift */ = {isa = PBXFileReference; lastKnownFileType = sourcecode.swift; path = NewViewController.swift; sourceTree = "<group>"; };
		EBC686312C05C66C00D747A6 /* Constants.swift */ = {isa = PBXFileReference; lastKnownFileType = sourcecode.swift; path = Constants.swift; sourceTree = "<group>"; };
		EBC686332C05C95600D747A6 /* InitView.swift */ = {isa = PBXFileReference; lastKnownFileType = sourcecode.swift; path = InitView.swift; sourceTree = "<group>"; };
		EBC686352C05CAAA00D747A6 /* WrapperView.swift */ = {isa = PBXFileReference; lastKnownFileType = sourcecode.swift; path = WrapperView.swift; sourceTree = "<group>"; };
		EBC686392C0718D900D747A6 /* GoogleService-Info.plist */ = {isa = PBXFileReference; fileEncoding = 4; lastKnownFileType = text.plist.xml; path = "GoogleService-Info.plist"; sourceTree = "<group>"; };
/* End PBXFileReference section */

/* Begin PBXFrameworksBuildPhase section */
		4520FAF82BF1D33C00018ED8 /* Frameworks */ = {
			isa = PBXFrameworksBuildPhase;
			buildActionMask = 2147483647;
			files = (
				EBC686292C04D31400D747A6 /* WebBridge in Frameworks */,
				EBC686212C04D31400D747A6 /* Adjust in Frameworks */,
				EBC686252C04D31400D747A6 /* Sociomantic in Frameworks */,
				EBC6861B2C04D27000D747A6 /* SnapKit in Frameworks */,
				450B97AD2BF5C5310009F16C /* SwiftyCrop in Frameworks */,
				4520FB362BF4B1B400018ED8 /* CustomTextField in Frameworks */,
				EBC686232C04D31400D747A6 /* Criteo in Frameworks */,
				EBC686272C04D31400D747A6 /* Trademob in Frameworks */,
				EBC6861E2C04D29600D747A6 /* FirebaseRemoteConfig in Frameworks */,
			);
			runOnlyForDeploymentPostprocessing = 0;
		};
/* End PBXFrameworksBuildPhase section */

/* Begin PBXGroup section */
		4520FAF22BF1D33C00018ED8 = {
			isa = PBXGroup;
			children = (
				4520FAFD2BF1D33C00018ED8 /* Pictoria */,
				4520FAFC2BF1D33C00018ED8 /* Products */,
			);
			sourceTree = "<group>";
		};
		4520FAFC2BF1D33C00018ED8 /* Products */ = {
			isa = PBXGroup;
			children = (
				4520FAFB2BF1D33C00018ED8 /* Pictoria.app */,
			);
			name = Products;
			sourceTree = "<group>";
		};
		4520FAFD2BF1D33C00018ED8 /* Pictoria */ = {
			isa = PBXGroup;
			children = (
				EBC686392C0718D900D747A6 /* GoogleService-Info.plist */,
				450B97AF2BF5F6DD0009F16C /* Info.plist */,
				450B97AE2BF5F6990009F16C /* Pictoria.entitlements */,
				4520FB142BF1D77D00018ED8 /* Entity */,
				4520FAFE2BF1D33C00018ED8 /* PictoriaApp.swift */,
				4520FB102BF1D56900018ED8 /* Launch Screen.storyboard */,
				4520FB0D2BF1D53000018ED8 /* Views */,
				4520FB022BF1D33E00018ED8 /* Assets.xcassets */,
				4520FB042BF1D33E00018ED8 /* Preview Content */,
				EBC686312C05C66C00D747A6 /* Constants.swift */,
				EBC686332C05C95600D747A6 /* InitView.swift */,
				EBC686352C05CAAA00D747A6 /* WrapperView.swift */,
			);
			path = Pictoria;
			sourceTree = "<group>";
		};
		4520FB042BF1D33E00018ED8 /* Preview Content */ = {
			isa = PBXGroup;
			children = (
				4520FB052BF1D33E00018ED8 /* Preview Assets.xcassets */,
			);
			path = "Preview Content";
			sourceTree = "<group>";
		};
		4520FB0D2BF1D53000018ED8 /* Views */ = {
			isa = PBXGroup;
			children = (
				EBC6862A2C04D35500D747A6 /*  Loading */,
				45CD6B362BF70E9A00B78388 /* Entity */,
				4520FB312BF4B0E100018ED8 /* Feedback */,
				4520FB2C2BF47B9300018ED8 /* Collage */,
				4520FB292BF457A400018ED8 /* MyProjects */,
				4520FB262BF44BCF00018ED8 /* Profile */,
				4520FB1A2BF1E5AF00018ED8 /* Onboarding */,
				4520FB172BF1D81100018ED8 /* TabBar */,
				4520FB0F2BF1D55900018ED8 /* MainScreen */,
				4520FB1D2BF1F10700018ED8 /* Edit */,
				EBC6862F2C04D7B200D747A6 /* NewViewController.swift */,
			);
			path = Views;
			sourceTree = "<group>";
		};
		4520FB0F2BF1D55900018ED8 /* MainScreen */ = {
			isa = PBXGroup;
			children = (
				4520FB122BF1D70D00018ED8 /* MainScreen.swift */,
			);
			path = MainScreen;
			sourceTree = "<group>";
		};
		4520FB142BF1D77D00018ED8 /* Entity */ = {
			isa = PBXGroup;
			children = (
				45CD6B2F2BF70E4300B78388 /* Entensions */,
				4520FB152BF1D78500018ED8 /* Colors.swift */,
				4520FB242BF2F17300018ED8 /* PhotoPickerRepresentable.swift */,
			);
			path = Entity;
			sourceTree = "<group>";
		};
		4520FB172BF1D81100018ED8 /* TabBar */ = {
			isa = PBXGroup;
			children = (
				4520FB182BF1D81B00018ED8 /* TabBar.swift */,
			);
			path = TabBar;
			sourceTree = "<group>";
		};
		4520FB1A2BF1E5AF00018ED8 /* Onboarding */ = {
			isa = PBXGroup;
			children = (
				4520FB1B2BF1E5B700018ED8 /* Onboarding.swift */,
			);
			path = Onboarding;
			sourceTree = "<group>";
		};
		4520FB1D2BF1F10700018ED8 /* Edit */ = {
			isa = PBXGroup;
			children = (
				4520FB1E2BF1F10F00018ED8 /* EditScreen.swift */,
				4520FB202BF2087500018ED8 /* EditPhotoScreen.swift */,
				4520FB222BF2088D00018ED8 /* EditScreenOnboarding.swift */,
			);
			path = Edit;
			sourceTree = "<group>";
		};
		4520FB262BF44BCF00018ED8 /* Profile */ = {
			isa = PBXGroup;
			children = (
				4520FB272BF44BD900018ED8 /* Profile.swift */,
			);
			path = Profile;
			sourceTree = "<group>";
		};
		4520FB292BF457A400018ED8 /* MyProjects */ = {
			isa = PBXGroup;
			children = (
				4520FB2A2BF457B300018ED8 /* Projetcs.swift */,
			);
			path = MyProjects;
			sourceTree = "<group>";
		};
		4520FB2C2BF47B9300018ED8 /* Collage */ = {
			isa = PBXGroup;
			children = (
				4520FB2D2BF47B9F00018ED8 /* CollageOnboarding.swift */,
				4520FB2F2BF47FFE00018ED8 /* Collage.swift */,
			);
			name = Collage;
			sourceTree = "<group>";
		};
		4520FB312BF4B0E100018ED8 /* Feedback */ = {
			isa = PBXGroup;
			children = (
				4520FB322BF4B13400018ED8 /* Feedback.swift */,
			);
			path = Feedback;
			sourceTree = "<group>";
		};
		45CD6B2F2BF70E4300B78388 /* Entensions */ = {
			isa = PBXGroup;
			children = (
				45CD6B322BF70E6A00B78388 /* UIImage+Extension.swift */,
				45CD6B342BF70E8500B78388 /* CGAffineTransform+Extensions.swift */,
			);
			path = Entensions;
			sourceTree = "<group>";
		};
		45CD6B362BF70E9A00B78388 /* Entity */ = {
			isa = PBXGroup;
			children = (
				45CD6B372BF70EA700B78388 /* CustomSlider.swift */,
				45CD6B392BF70EB800B78388 /* SliderViewWithRange.swift */,
			);
			path = Entity;
			sourceTree = "<group>";
		};
		EBC6862A2C04D35500D747A6 /*  Loading */ = {
			isa = PBXGroup;
			children = (
				EBC6862B2C04D36600D747A6 /* LoadingView.swift */,
			);
			path = " Loading";
			sourceTree = "<group>";
		};
/* End PBXGroup section */

/* Begin PBXNativeTarget section */
		4520FAFA2BF1D33C00018ED8 /* Pictoria */ = {
			isa = PBXNativeTarget;
			buildConfigurationList = 4520FB092BF1D33E00018ED8 /* Build configuration list for PBXNativeTarget "Pictoria" */;
			buildPhases = (
				4520FAF72BF1D33C00018ED8 /* Sources */,
				4520FAF82BF1D33C00018ED8 /* Frameworks */,
				4520FAF92BF1D33C00018ED8 /* Resources */,
			);
			buildRules = (
			);
			dependencies = (
			);
			name = Pictoria;
			packageProductDependencies = (
				4520FB352BF4B1B400018ED8 /* CustomTextField */,
				450B97AC2BF5C5310009F16C /* SwiftyCrop */,
				EBC6861A2C04D27000D747A6 /* SnapKit */,
				EBC6861D2C04D29600D747A6 /* FirebaseRemoteConfig */,
				EBC686202C04D31400D747A6 /* Adjust */,
				EBC686222C04D31400D747A6 /* Criteo */,
				EBC686242C04D31400D747A6 /* Sociomantic */,
				EBC686262C04D31400D747A6 /* Trademob */,
				EBC686282C04D31400D747A6 /* WebBridge */,
			);
			productName = Pictoria;
			productReference = 4520FAFB2BF1D33C00018ED8 /* Pictoria.app */;
			productType = "com.apple.product-type.application";
		};
/* End PBXNativeTarget section */

/* Begin PBXProject section */
		4520FAF32BF1D33C00018ED8 /* Project object */ = {
			isa = PBXProject;
			attributes = {
				BuildIndependentTargetsInParallel = 1;
				LastSwiftUpdateCheck = 1530;
				LastUpgradeCheck = 1530;
				TargetAttributes = {
					4520FAFA2BF1D33C00018ED8 = {
						CreatedOnToolsVersion = 15.3;
					};
				};
			};
			buildConfigurationList = 4520FAF62BF1D33C00018ED8 /* Build configuration list for PBXProject "Pictoria" */;
			compatibilityVersion = "Xcode 14.0";
			developmentRegion = en;
			hasScannedForEncodings = 0;
			knownRegions = (
				en,
				Base,
			);
			mainGroup = 4520FAF22BF1D33C00018ED8;
			packageReferences = (
				4520FB342BF4B1B400018ED8 /* XCRemoteSwiftPackageReference "SwiftUI-Custom-TextField" */,
				450B97AB2BF5C5310009F16C /* XCRemoteSwiftPackageReference "SwiftyCrop" */,
				EBC686192C04D27000D747A6 /* XCRemoteSwiftPackageReference "SnapKit" */,
				EBC6861C2C04D29600D747A6 /* XCRemoteSwiftPackageReference "firebase-ios-sdk" */,
				EBC6861F2C04D31400D747A6 /* XCRemoteSwiftPackageReference "ios_sdk" */,
			);
			productRefGroup = 4520FAFC2BF1D33C00018ED8 /* Products */;
			projectDirPath = "";
			projectRoot = "";
			targets = (
				4520FAFA2BF1D33C00018ED8 /* Pictoria */,
			);
		};
/* End PBXProject section */

/* Begin PBXResourcesBuildPhase section */
		4520FAF92BF1D33C00018ED8 /* Resources */ = {
			isa = PBXResourcesBuildPhase;
			buildActionMask = 2147483647;
			files = (
				4520FB112BF1D56900018ED8 /* Launch Screen.storyboard in Resources */,
				EBC6863A2C0718D900D747A6 /* GoogleService-Info.plist in Resources */,
				4520FB062BF1D33E00018ED8 /* Preview Assets.xcassets in Resources */,
				4520FB032BF1D33E00018ED8 /* Assets.xcassets in Resources */,
			);
			runOnlyForDeploymentPostprocessing = 0;
		};
/* End PBXResourcesBuildPhase section */

/* Begin PBXSourcesBuildPhase section */
		4520FAF72BF1D33C00018ED8 /* Sources */ = {
			isa = PBXSourcesBuildPhase;
			buildActionMask = 2147483647;
			files = (
				4520FB2E2BF47B9F00018ED8 /* CollageOnboarding.swift in Sources */,
				EBC686322C05C66C00D747A6 /* Constants.swift in Sources */,
				45CD6B382BF70EA700B78388 /* CustomSlider.swift in Sources */,
				4520FB212BF2087500018ED8 /* EditPhotoScreen.swift in Sources */,
				4520FB282BF44BD900018ED8 /* Profile.swift in Sources */,
				EBC686342C05C95600D747A6 /* InitView.swift in Sources */,
				45CD6B352BF70E8500B78388 /* CGAffineTransform+Extensions.swift in Sources */,
				4520FB132BF1D70D00018ED8 /* MainScreen.swift in Sources */,
				4520FB162BF1D78500018ED8 /* Colors.swift in Sources */,
				4520FB302BF47FFE00018ED8 /* Collage.swift in Sources */,
				4520FB1C2BF1E5B700018ED8 /* Onboarding.swift in Sources */,
				EBC686302C04D7B200D747A6 /* NewViewController.swift in Sources */,
				4520FAFF2BF1D33C00018ED8 /* PictoriaApp.swift in Sources */,
				4520FB192BF1D81B00018ED8 /* TabBar.swift in Sources */,
				4520FB252BF2F17300018ED8 /* PhotoPickerRepresentable.swift in Sources */,
				EBC686362C05CAAA00D747A6 /* WrapperView.swift in Sources */,
				4520FB232BF2088D00018ED8 /* EditScreenOnboarding.swift in Sources */,
				4520FB1F2BF1F10F00018ED8 /* EditScreen.swift in Sources */,
				45CD6B332BF70E6A00B78388 /* UIImage+Extension.swift in Sources */,
				4520FB332BF4B13400018ED8 /* Feedback.swift in Sources */,
				4520FB2B2BF457B300018ED8 /* Projetcs.swift in Sources */,
				EBC6862C2C04D36600D747A6 /* LoadingView.swift in Sources */,
				45CD6B3A2BF70EB800B78388 /* SliderViewWithRange.swift in Sources */,
			);
			runOnlyForDeploymentPostprocessing = 0;
		};
/* End PBXSourcesBuildPhase section */

/* Begin XCBuildConfiguration section */
		4520FB072BF1D33E00018ED8 /* Debug */ = {
			isa = XCBuildConfiguration;
			buildSettings = {
				ALWAYS_SEARCH_USER_PATHS = NO;
				ASSETCATALOG_COMPILER_GENERATE_SWIFT_ASSET_SYMBOL_EXTENSIONS = YES;
				CLANG_ANALYZER_NONNULL = YES;
				CLANG_ANALYZER_NUMBER_OBJECT_CONVERSION = YES_AGGRESSIVE;
				CLANG_CXX_LANGUAGE_STANDARD = "gnu++20";
				CLANG_ENABLE_MODULES = YES;
				CLANG_ENABLE_OBJC_ARC = YES;
				CLANG_ENABLE_OBJC_WEAK = YES;
				CLANG_WARN_BLOCK_CAPTURE_AUTORELEASING = YES;
				CLANG_WARN_BOOL_CONVERSION = YES;
				CLANG_WARN_COMMA = YES;
				CLANG_WARN_CONSTANT_CONVERSION = YES;
				CLANG_WARN_DEPRECATED_OBJC_IMPLEMENTATIONS = YES;
				CLANG_WARN_DIRECT_OBJC_ISA_USAGE = YES_ERROR;
				CLANG_WARN_DOCUMENTATION_COMMENTS = YES;
				CLANG_WARN_EMPTY_BODY = YES;
				CLANG_WARN_ENUM_CONVERSION = YES;
				CLANG_WARN_INFINITE_RECURSION = YES;
				CLANG_WARN_INT_CONVERSION = YES;
				CLANG_WARN_NON_LITERAL_NULL_CONVERSION = YES;
				CLANG_WARN_OBJC_IMPLICIT_RETAIN_SELF = YES;
				CLANG_WARN_OBJC_LITERAL_CONVERSION = YES;
				CLANG_WARN_OBJC_ROOT_CLASS = YES_ERROR;
				CLANG_WARN_QUOTED_INCLUDE_IN_FRAMEWORK_HEADER = YES;
				CLANG_WARN_RANGE_LOOP_ANALYSIS = YES;
				CLANG_WARN_STRICT_PROTOTYPES = YES;
				CLANG_WARN_SUSPICIOUS_MOVE = YES;
				CLANG_WARN_UNGUARDED_AVAILABILITY = YES_AGGRESSIVE;
				CLANG_WARN_UNREACHABLE_CODE = YES;
				CLANG_WARN__DUPLICATE_METHOD_MATCH = YES;
				COPY_PHASE_STRIP = NO;
				DEBUG_INFORMATION_FORMAT = dwarf;
				ENABLE_STRICT_OBJC_MSGSEND = YES;
				ENABLE_TESTABILITY = YES;
				ENABLE_USER_SCRIPT_SANDBOXING = YES;
				GCC_C_LANGUAGE_STANDARD = gnu17;
				GCC_DYNAMIC_NO_PIC = NO;
				GCC_NO_COMMON_BLOCKS = YES;
				GCC_OPTIMIZATION_LEVEL = 0;
				GCC_PREPROCESSOR_DEFINITIONS = (
					"DEBUG=1",
					"$(inherited)",
				);
				GCC_WARN_64_TO_32_BIT_CONVERSION = YES;
				GCC_WARN_ABOUT_RETURN_TYPE = YES_ERROR;
				GCC_WARN_UNDECLARED_SELECTOR = YES;
				GCC_WARN_UNINITIALIZED_AUTOS = YES_AGGRESSIVE;
				GCC_WARN_UNUSED_FUNCTION = YES;
				GCC_WARN_UNUSED_VARIABLE = YES;
				IPHONEOS_DEPLOYMENT_TARGET = 16.0;
				LOCALIZATION_PREFERS_STRING_CATALOGS = YES;
				MTL_ENABLE_DEBUG_INFO = INCLUDE_SOURCE;
				MTL_FAST_MATH = YES;
				ONLY_ACTIVE_ARCH = YES;
				SDKROOT = iphoneos;
				SWIFT_ACTIVE_COMPILATION_CONDITIONS = "DEBUG $(inherited)";
				SWIFT_OPTIMIZATION_LEVEL = "-Onone";
			};
			name = Debug;
		};
		4520FB082BF1D33E00018ED8 /* Release */ = {
			isa = XCBuildConfiguration;
			buildSettings = {
				ALWAYS_SEARCH_USER_PATHS = NO;
				ASSETCATALOG_COMPILER_GENERATE_SWIFT_ASSET_SYMBOL_EXTENSIONS = YES;
				CLANG_ANALYZER_NONNULL = YES;
				CLANG_ANALYZER_NUMBER_OBJECT_CONVERSION = YES_AGGRESSIVE;
				CLANG_CXX_LANGUAGE_STANDARD = "gnu++20";
				CLANG_ENABLE_MODULES = YES;
				CLANG_ENABLE_OBJC_ARC = YES;
				CLANG_ENABLE_OBJC_WEAK = YES;
				CLANG_WARN_BLOCK_CAPTURE_AUTORELEASING = YES;
				CLANG_WARN_BOOL_CONVERSION = YES;
				CLANG_WARN_COMMA = YES;
				CLANG_WARN_CONSTANT_CONVERSION = YES;
				CLANG_WARN_DEPRECATED_OBJC_IMPLEMENTATIONS = YES;
				CLANG_WARN_DIRECT_OBJC_ISA_USAGE = YES_ERROR;
				CLANG_WARN_DOCUMENTATION_COMMENTS = YES;
				CLANG_WARN_EMPTY_BODY = YES;
				CLANG_WARN_ENUM_CONVERSION = YES;
				CLANG_WARN_INFINITE_RECURSION = YES;
				CLANG_WARN_INT_CONVERSION = YES;
				CLANG_WARN_NON_LITERAL_NULL_CONVERSION = YES;
				CLANG_WARN_OBJC_IMPLICIT_RETAIN_SELF = YES;
				CLANG_WARN_OBJC_LITERAL_CONVERSION = YES;
				CLANG_WARN_OBJC_ROOT_CLASS = YES_ERROR;
				CLANG_WARN_QUOTED_INCLUDE_IN_FRAMEWORK_HEADER = YES;
				CLANG_WARN_RANGE_LOOP_ANALYSIS = YES;
				CLANG_WARN_STRICT_PROTOTYPES = YES;
				CLANG_WARN_SUSPICIOUS_MOVE = YES;
				CLANG_WARN_UNGUARDED_AVAILABILITY = YES_AGGRESSIVE;
				CLANG_WARN_UNREACHABLE_CODE = YES;
				CLANG_WARN__DUPLICATE_METHOD_MATCH = YES;
				COPY_PHASE_STRIP = NO;
				DEBUG_INFORMATION_FORMAT = "dwarf-with-dsym";
				ENABLE_NS_ASSERTIONS = NO;
				ENABLE_STRICT_OBJC_MSGSEND = YES;
				ENABLE_USER_SCRIPT_SANDBOXING = YES;
				GCC_C_LANGUAGE_STANDARD = gnu17;
				GCC_NO_COMMON_BLOCKS = YES;
				GCC_WARN_64_TO_32_BIT_CONVERSION = YES;
				GCC_WARN_ABOUT_RETURN_TYPE = YES_ERROR;
				GCC_WARN_UNDECLARED_SELECTOR = YES;
				GCC_WARN_UNINITIALIZED_AUTOS = YES_AGGRESSIVE;
				GCC_WARN_UNUSED_FUNCTION = YES;
				GCC_WARN_UNUSED_VARIABLE = YES;
				IPHONEOS_DEPLOYMENT_TARGET = 16.0;
				LOCALIZATION_PREFERS_STRING_CATALOGS = YES;
				MTL_ENABLE_DEBUG_INFO = NO;
				MTL_FAST_MATH = YES;
				SDKROOT = iphoneos;
				SWIFT_COMPILATION_MODE = wholemodule;
				VALIDATE_PRODUCT = YES;
			};
			name = Release;
		};
		4520FB0A2BF1D33E00018ED8 /* Debug */ = {
			isa = XCBuildConfiguration;
			buildSettings = {
				ASSETCATALOG_COMPILER_APPICON_NAME = AppIcon;
				ASSETCATALOG_COMPILER_GLOBAL_ACCENT_COLOR_NAME = AccentColor;
				CODE_SIGN_ENTITLEMENTS = Pictoria/Pictoria.entitlements;
				CODE_SIGN_STYLE = Manual;
				CURRENT_PROJECT_VERSION = 1;
				DEVELOPMENT_ASSET_PATHS = "\"Pictoria/Preview Content\"";
				DEVELOPMENT_TEAM = "";
				ENABLE_PREVIEWS = YES;
				GENERATE_INFOPLIST_FILE = YES;
				INFOPLIST_FILE = Pictoria/Info.plist;
				INFOPLIST_KEY_CFBundleDisplayName = Pictoria;
				INFOPLIST_KEY_NSPhotoLibraryUsageDescription = "For editing your photo we need get access to your Photo Libary";
				INFOPLIST_KEY_NSUserTrackingUsageDescription = "Your data will be used for a better experience of using the app, analythics and personalized ads.";
				INFOPLIST_KEY_UIApplicationSceneManifest_Generation = YES;
				INFOPLIST_KEY_UIApplicationSupportsIndirectInputEvents = YES;
				INFOPLIST_KEY_UILaunchScreen_Generation = YES;
				INFOPLIST_KEY_UILaunchStoryboardName = "Launch Screen.storyboard";
				INFOPLIST_KEY_UIStatusBarStyle = UIStatusBarStyleLightContent;
				INFOPLIST_KEY_UISupportedInterfaceOrientations = UIInterfaceOrientationPortrait;
				INFOPLIST_KEY_UISupportedInterfaceOrientations_iPad = "UIInterfaceOrientationLandscapeLeft UIInterfaceOrientationLandscapeRight UIInterfaceOrientationPortrait UIInterfaceOrientationPortraitUpsideDown";
				IPHONEOS_DEPLOYMENT_TARGET = 16.0;
				LD_RUNPATH_SEARCH_PATHS = (
					"$(inherited)",
					"@executable_path/Frameworks",
				);
				MARKETING_VERSION = 1.0;
				PRODUCT_BUNDLE_IDENTIFIER = com.pictoriaaeditor.smartpictor;
				PRODUCT_NAME = "$(TARGET_NAME)";
				PROVISIONING_PROFILE_SPECIFIER = "";
				SUPPORTED_PLATFORMS = "iphoneos iphonesimulator";
				SUPPORTS_MACCATALYST = NO;
				SUPPORTS_MAC_DESIGNED_FOR_IPHONE_IPAD = NO;
				SUPPORTS_XR_DESIGNED_FOR_IPHONE_IPAD = NO;
				SWIFT_EMIT_LOC_STRINGS = YES;
				SWIFT_VERSION = 5.0;
				TARGETED_DEVICE_FAMILY = 1;
			};
			name = Debug;
		};
		4520FB0B2BF1D33E00018ED8 /* Release */ = {
			isa = XCBuildConfiguration;
			buildSettings = {
				ASSETCATALOG_COMPILER_APPICON_NAME = AppIcon;
				ASSETCATALOG_COMPILER_GLOBAL_ACCENT_COLOR_NAME = AccentColor;
				CODE_SIGN_ENTITLEMENTS = Pictoria/Pictoria.entitlements;
				CODE_SIGN_STYLE = Manual;
				CURRENT_PROJECT_VERSION = 1;
				DEVELOPMENT_ASSET_PATHS = "\"Pictoria/Preview Content\"";
				DEVELOPMENT_TEAM = "";
				ENABLE_PREVIEWS = YES;
				GENERATE_INFOPLIST_FILE = YES;
				INFOPLIST_FILE = Pictoria/Info.plist;
				INFOPLIST_KEY_CFBundleDisplayName = Pictoria;
				INFOPLIST_KEY_NSPhotoLibraryUsageDescription = "For editing your photo we need get access to your Photo Libary";
				INFOPLIST_KEY_NSUserTrackingUsageDescription = "Your data will be used for a better experience of using the app, analythics and personalized ads.";
				INFOPLIST_KEY_UIApplicationSceneManifest_Generation = YES;
				INFOPLIST_KEY_UIApplicationSupportsIndirectInputEvents = YES;
				INFOPLIST_KEY_UILaunchScreen_Generation = YES;
				INFOPLIST_KEY_UILaunchStoryboardName = "Launch Screen.storyboard";
				INFOPLIST_KEY_UIStatusBarStyle = UIStatusBarStyleLightContent;
				INFOPLIST_KEY_UISupportedInterfaceOrientations = UIInterfaceOrientationPortrait;
				INFOPLIST_KEY_UISupportedInterfaceOrientations_iPad = "UIInterfaceOrientationLandscapeLeft UIInterfaceOrientationLandscapeRight UIInterfaceOrientationPortrait UIInterfaceOrientationPortraitUpsideDown";
				IPHONEOS_DEPLOYMENT_TARGET = 16.0;
				LD_RUNPATH_SEARCH_PATHS = (
					"$(inherited)",
					"@executable_path/Frameworks",
				);
				MARKETING_VERSION = 1.0;
				PRODUCT_BUNDLE_IDENTIFIER = com.pictoriaaeditor.smartpictor;
				PRODUCT_NAME = "$(TARGET_NAME)";
				PROVISIONING_PROFILE_SPECIFIER = "";
				SUPPORTED_PLATFORMS = "iphoneos iphonesimulator";
				SUPPORTS_MACCATALYST = NO;
				SUPPORTS_MAC_DESIGNED_FOR_IPHONE_IPAD = NO;
				SUPPORTS_XR_DESIGNED_FOR_IPHONE_IPAD = NO;
				SWIFT_EMIT_LOC_STRINGS = YES;
				SWIFT_VERSION = 5.0;
				TARGETED_DEVICE_FAMILY = 1;
			};
			name = Release;
		};
/* End XCBuildConfiguration section */

/* Begin XCConfigurationList section */
		4520FAF62BF1D33C00018ED8 /* Build configuration list for PBXProject "Pictoria" */ = {
			isa = XCConfigurationList;
			buildConfigurations = (
				4520FB072BF1D33E00018ED8 /* Debug */,
				4520FB082BF1D33E00018ED8 /* Release */,
			);
			defaultConfigurationIsVisible = 0;
			defaultConfigurationName = Release;
		};
		4520FB092BF1D33E00018ED8 /* Build configuration list for PBXNativeTarget "Pictoria" */ = {
			isa = XCConfigurationList;
			buildConfigurations = (
				4520FB0A2BF1D33E00018ED8 /* Debug */,
				4520FB0B2BF1D33E00018ED8 /* Release */,
			);
			defaultConfigurationIsVisible = 0;
			defaultConfigurationName = Release;
		};
/* End XCConfigurationList section */

/* Begin XCRemoteSwiftPackageReference section */
		450B97AB2BF5C5310009F16C /* XCRemoteSwiftPackageReference "SwiftyCrop" */ = {
			isa = XCRemoteSwiftPackageReference;
			repositoryURL = "https://github.com/benedom/SwiftyCrop";
			requirement = {
				branch = master;
				kind = branch;
			};
		};
		4520FB342BF4B1B400018ED8 /* XCRemoteSwiftPackageReference "SwiftUI-Custom-TextField" */ = {
			isa = XCRemoteSwiftPackageReference;
			repositoryURL = "https://github.com/esatgozcu/SwiftUI-Custom-TextField";
			requirement = {
				branch = main;
				kind = branch;
			};
		};
		EBC686192C04D27000D747A6 /* XCRemoteSwiftPackageReference "SnapKit" */ = {
			isa = XCRemoteSwiftPackageReference;
			repositoryURL = "https://github.com/SnapKit/SnapKit";
			requirement = {
				kind = upToNextMajorVersion;
				minimumVersion = 5.7.1;
			};
		};
		EBC6861C2C04D29600D747A6 /* XCRemoteSwiftPackageReference "firebase-ios-sdk" */ = {
			isa = XCRemoteSwiftPackageReference;
			repositoryURL = "https://github.com/firebase/firebase-ios-sdk";
			requirement = {
				kind = upToNextMajorVersion;
				minimumVersion = 10.26.0;
			};
		};
		EBC6861F2C04D31400D747A6 /* XCRemoteSwiftPackageReference "ios_sdk" */ = {
			isa = XCRemoteSwiftPackageReference;
			repositoryURL = "https://github.com/adjust/ios_sdk";
			requirement = {
				branch = master;
				kind = branch;
			};
		};
/* End XCRemoteSwiftPackageReference section */

/* Begin XCSwiftPackageProductDependency section */
		450B97AC2BF5C5310009F16C /* SwiftyCrop */ = {
			isa = XCSwiftPackageProductDependency;
			package = 450B97AB2BF5C5310009F16C /* XCRemoteSwiftPackageReference "SwiftyCrop" */;
			productName = SwiftyCrop;
		};
		4520FB352BF4B1B400018ED8 /* CustomTextField */ = {
			isa = XCSwiftPackageProductDependency;
			package = 4520FB342BF4B1B400018ED8 /* XCRemoteSwiftPackageReference "SwiftUI-Custom-TextField" */;
			productName = CustomTextField;
		};
		EBC6861A2C04D27000D747A6 /* SnapKit */ = {
			isa = XCSwiftPackageProductDependency;
			package = EBC686192C04D27000D747A6 /* XCRemoteSwiftPackageReference "SnapKit" */;
			productName = SnapKit;
		};
		EBC6861D2C04D29600D747A6 /* FirebaseRemoteConfig */ = {
			isa = XCSwiftPackageProductDependency;
			package = EBC6861C2C04D29600D747A6 /* XCRemoteSwiftPackageReference "firebase-ios-sdk" */;
			productName = FirebaseRemoteConfig;
		};
		EBC686202C04D31400D747A6 /* Adjust */ = {
			isa = XCSwiftPackageProductDependency;
			package = EBC6861F2C04D31400D747A6 /* XCRemoteSwiftPackageReference "ios_sdk" */;
			productName = Adjust;
		};
		EBC686222C04D31400D747A6 /* Criteo */ = {
			isa = XCSwiftPackageProductDependency;
			package = EBC6861F2C04D31400D747A6 /* XCRemoteSwiftPackageReference "ios_sdk" */;
			productName = Criteo;
		};
		EBC686242C04D31400D747A6 /* Sociomantic */ = {
			isa = XCSwiftPackageProductDependency;
			package = EBC6861F2C04D31400D747A6 /* XCRemoteSwiftPackageReference "ios_sdk" */;
			productName = Sociomantic;
		};
		EBC686262C04D31400D747A6 /* Trademob */ = {
			isa = XCSwiftPackageProductDependency;
			package = EBC6861F2C04D31400D747A6 /* XCRemoteSwiftPackageReference "ios_sdk" */;
			productName = Trademob;
		};
		EBC686282C04D31400D747A6 /* WebBridge */ = {
			isa = XCSwiftPackageProductDependency;
			package = EBC6861F2C04D31400D747A6 /* XCRemoteSwiftPackageReference "ios_sdk" */;
			productName = WebBridge;
		};
/* End XCSwiftPackageProductDependency section */
	};
	rootObject = 4520FAF32BF1D33C00018ED8 /* Project object */;
}
